# This file is automatically @generated by Cargo.
# It is not intended for manual editing.
version = 3

[[package]]
name = "svg-rs"
version = "1.0.0"
dependencies = [
 "trees",
]

[[package]]
name = "trees"
version = "0.4.2"
source = "registry+https://github.com/rust-lang/crates.io-index"
checksum = "0de5f738ceab88e2491a94ddc33c3feeadfa95fedc60363ef110845df12f3878"
